
Microsoft Visual Studio Solution File, Format Version 12.00
# Visual Studio Version 16
VisualStudioVersion = 16.0.28917.181
MinimumVisualStudioVersion = 10.0.40219.1
Project("{9A19103F-16F7-4668-BE54-9A1E7A4F7556}") = "AwesomeCare.API", "AwesomeCare.API\AwesomeCare.API.csproj", "{3027F874-B407-4297-9B71-8C1B91F60DD7}"
EndProject
Project("{9A19103F-16F7-4668-BE54-9A1E7A4F7556}") = "AwesomeCare.Model", "AwesomeCare.Model\AwesomeCare.Model.csproj", "{16D5F8A3-7252-4B57-AAFA-722D126418DA}"
EndProject
Project("{9A19103F-16F7-4668-BE54-9A1E7A4F7556}") = "AwesomeCare.DataTransferObject", "AwesomeCare.DataTransferObject\AwesomeCare.DataTransferObject.csproj", "{C3158C49-DC92-418B-9BB8-AF14EA3906D8}"
EndProject
Project("{9A19103F-16F7-4668-BE54-9A1E7A4F7556}") = "AwesomeCare.Services", "AwesomeCare.Services\AwesomeCare.Services.csproj", "{FDD588E4-9DDD-4A0C-A003-3155C6A0A2B0}"
EndProject
Project("{9A19103F-16F7-4668-BE54-9A1E7A4F7556}") = "AwesomeCare.DataAccess", "AwesomeCare.DataAccess\AwesomeCare.DataAccess.csproj", "{88F2DBBA-1B80-4076-B7B2-F980D77091BC}"
EndProject
Project("{9A19103F-16F7-4668-BE54-9A1E7A4F7556}") = "AwesomeCare.Web", "AwesomeCare.Web\AwesomeCare.Web.csproj", "{658F6408-05B5-49A3-AF14-8C5D852C1822}"
EndProject
Project("{9A19103F-16F7-4668-BE54-9A1E7A4F7556}") = "AwesomeCare.Admin", "AwesomeCare.Admin\AwesomeCare.Admin.csproj", "{2271009E-1CA3-4623-8B23-ACA5FEB21F6F}"
EndProject
Project("{9A19103F-16F7-4668-BE54-9A1E7A4F7556}") = "MapperConfig", "MapperConfig\MapperConfig.csproj", "{8D5A0699-3425-4BB8-989D-F7E8B69F5EF0}"
EndProject
Project("{9A19103F-16F7-4668-BE54-9A1E7A4F7556}") = "AwesomeCare.IdentityServer", "AwesomeCare.IdentityServer\AwesomeCare.IdentityServer.csproj", "{090B73F6-B67C-40BF-BAEF-5A6E85BD43C8}"
EndProject
Project("{2150E333-8FDC-42A3-9474-1A3956D46DE8}") = "Solution Items", "Solution Items", "{D41450F7-FF1A-49F4-965E-A15525ABC8A2}"
	ProjectSection(SolutionItems) = preProject
		.editorconfig = .editorconfig
	EndProjectSection
EndProject
Global
	GlobalSection(SolutionConfigurationPlatforms) = preSolution
		Debug|Any CPU = Debug|Any CPU
		Release|Any CPU = Release|Any CPU
		Staging|Any CPU = Staging|Any CPU
	EndGlobalSection
	GlobalSection(ProjectConfigurationPlatforms) = postSolution
		{3027F874-B407-4297-9B71-8C1B91F60DD7}.Debug|Any CPU.ActiveCfg = Debug|Any CPU
		{3027F874-B407-4297-9B71-8C1B91F60DD7}.Debug|Any CPU.Build.0 = Debug|Any CPU
		{3027F874-B407-4297-9B71-8C1B91F60DD7}.Release|Any CPU.ActiveCfg = Release|Any CPU
		{3027F874-B407-4297-9B71-8C1B91F60DD7}.Release|Any CPU.Build.0 = Release|Any CPU
		{3027F874-B407-4297-9B71-8C1B91F60DD7}.Staging|Any CPU.ActiveCfg = Staging|Any CPU
		{3027F874-B407-4297-9B71-8C1B91F60DD7}.Staging|Any CPU.Build.0 = Staging|Any CPU
		{16D5F8A3-7252-4B57-AAFA-722D126418DA}.Debug|Any CPU.ActiveCfg = Debug|Any CPU
		{16D5F8A3-7252-4B57-AAFA-722D126418DA}.Debug|Any CPU.Build.0 = Debug|Any CPU
		{16D5F8A3-7252-4B57-AAFA-722D126418DA}.Release|Any CPU.ActiveCfg = Release|Any CPU
		{16D5F8A3-7252-4B57-AAFA-722D126418DA}.Release|Any CPU.Build.0 = Release|Any CPU
		{16D5F8A3-7252-4B57-AAFA-722D126418DA}.Staging|Any CPU.ActiveCfg = Release|Any CPU
		{16D5F8A3-7252-4B57-AAFA-722D126418DA}.Staging|Any CPU.Build.0 = Release|Any CPU
		{C3158C49-DC92-418B-9BB8-AF14EA3906D8}.Debug|Any CPU.ActiveCfg = Debug|Any CPU
		{C3158C49-DC92-418B-9BB8-AF14EA3906D8}.Debug|Any CPU.Build.0 = Debug|Any CPU
		{C3158C49-DC92-418B-9BB8-AF14EA3906D8}.Release|Any CPU.ActiveCfg = Release|Any CPU
		{C3158C49-DC92-418B-9BB8-AF14EA3906D8}.Release|Any CPU.Build.0 = Release|Any CPU
		{C3158C49-DC92-418B-9BB8-AF14EA3906D8}.Staging|Any CPU.ActiveCfg = Release|Any CPU
		{C3158C49-DC92-418B-9BB8-AF14EA3906D8}.Staging|Any CPU.Build.0 = Release|Any CPU
		{FDD588E4-9DDD-4A0C-A003-3155C6A0A2B0}.Debug|Any CPU.ActiveCfg = Debug|Any CPU
		{FDD588E4-9DDD-4A0C-A003-3155C6A0A2B0}.Debug|Any CPU.Build.0 = Debug|Any CPU
		{FDD588E4-9DDD-4A0C-A003-3155C6A0A2B0}.Release|Any CPU.ActiveCfg = Release|Any CPU
		{FDD588E4-9DDD-4A0C-A003-3155C6A0A2B0}.Release|Any CPU.Build.0 = Release|Any CPU
		{FDD588E4-9DDD-4A0C-A003-3155C6A0A2B0}.Staging|Any CPU.ActiveCfg = Release|Any CPU
		{FDD588E4-9DDD-4A0C-A003-3155C6A0A2B0}.Staging|Any CPU.Build.0 = Release|Any CPU
		{88F2DBBA-1B80-4076-B7B2-F980D77091BC}.Debug|Any CPU.ActiveCfg = Debug|Any CPU
		{88F2DBBA-1B80-4076-B7B2-F980D77091BC}.Debug|Any CPU.Build.0 = Debug|Any CPU
		{88F2DBBA-1B80-4076-B7B2-F980D77091BC}.Release|Any CPU.ActiveCfg = Release|Any CPU
		{88F2DBBA-1B80-4076-B7B2-F980D77091BC}.Release|Any CPU.Build.0 = Release|Any CPU
		{88F2DBBA-1B80-4076-B7B2-F980D77091BC}.Staging|Any CPU.ActiveCfg = Release|Any CPU
		{88F2DBBA-1B80-4076-B7B2-F980D77091BC}.Staging|Any CPU.Build.0 = Release|Any CPU
		{658F6408-05B5-49A3-AF14-8C5D852C1822}.Debug|Any CPU.ActiveCfg = Debug|Any CPU
		{658F6408-05B5-49A3-AF14-8C5D852C1822}.Debug|Any CPU.Build.0 = Debug|Any CPU
		{658F6408-05B5-49A3-AF14-8C5D852C1822}.Release|Any CPU.ActiveCfg = Release|Any CPU
		{658F6408-05B5-49A3-AF14-8C5D852C1822}.Release|Any CPU.Build.0 = Release|Any CPU
		{658F6408-05B5-49A3-AF14-8C5D852C1822}.Staging|Any CPU.ActiveCfg = Release|Any CPU
		{658F6408-05B5-49A3-AF14-8C5D852C1822}.Staging|Any CPU.Build.0 = Release|Any CPU
		{2271009E-1CA3-4623-8B23-ACA5FEB21F6F}.Debug|Any CPU.ActiveCfg = Debug|Any CPU
		{2271009E-1CA3-4623-8B23-ACA5FEB21F6F}.Debug|Any CPU.Build.0 = Debug|Any CPU
		{2271009E-1CA3-4623-8B23-ACA5FEB21F6F}.Release|Any CPU.ActiveCfg = Release|Any CPU
		{2271009E-1CA3-4623-8B23-ACA5FEB21F6F}.Release|Any CPU.Build.0 = Release|Any CPU
		{2271009E-1CA3-4623-8B23-ACA5FEB21F6F}.Staging|Any CPU.ActiveCfg = Release|Any CPU
		{2271009E-1CA3-4623-8B23-ACA5FEB21F6F}.Staging|Any CPU.Build.0 = Release|Any CPU
		{8D5A0699-3425-4BB8-989D-F7E8B69F5EF0}.Debug|Any CPU.ActiveCfg = Debug|Any CPU
		{8D5A0699-3425-4BB8-989D-F7E8B69F5EF0}.Debug|Any CPU.Build.0 = Debug|Any CPU
		{8D5A0699-3425-4BB8-989D-F7E8B69F5EF0}.Release|Any CPU.ActiveCfg = Release|Any CPU
		{8D5A0699-3425-4BB8-989D-F7E8B69F5EF0}.Release|Any CPU.Build.0 = Release|Any CPU
		{8D5A0699-3425-4BB8-989D-F7E8B69F5EF0}.Staging|Any CPU.ActiveCfg = Debug|Any CPU
		{8D5A0699-3425-4BB8-989D-F7E8B69F5EF0}.Staging|Any CPU.Build.0 = Debug|Any CPU
		{090B73F6-B67C-40BF-BAEF-5A6E85BD43C8}.Debug|Any CPU.ActiveCfg = Debug|Any CPU
		{090B73F6-B67C-40BF-BAEF-5A6E85BD43C8}.Debug|Any CPU.Build.0 = Debug|Any CPU
		{090B73F6-B67C-40BF-BAEF-5A6E85BD43C8}.Release|Any CPU.ActiveCfg = Release|Any CPU
		{090B73F6-B67C-40BF-BAEF-5A6E85BD43C8}.Release|Any CPU.Build.0 = Release|Any CPU
		{090B73F6-B67C-40BF-BAEF-5A6E85BD43C8}.Staging|Any CPU.ActiveCfg = Debug|Any CPU
		{090B73F6-B67C-40BF-BAEF-5A6E85BD43C8}.Staging|Any CPU.Build.0 = Debug|Any CPU
	EndGlobalSection
	GlobalSection(SolutionProperties) = preSolution
		HideSolutionNode = FALSE
	EndGlobalSection
	GlobalSection(ExtensibilityGlobals) = postSolution
		SolutionGuid = {69479D3B-DC2C-4676-AD7C-F11776775326}
	EndGlobalSection
EndGlobal
