
Microsoft Visual Studio Solution File, Format Version 12.00
# Visual Studio 15
VisualStudioVersion = 15.0.28307.572
MinimumVisualStudioVersion = 10.0.40219.1
Project("{FAE04EC0-301F-11D3-BF4B-00C04F79EFBC}") = "AwesomeCare.API", "AwesomeCare.API\AwesomeCare.API.csproj", "{3027F874-B407-4297-9B71-8C1B91F60DD7}"
EndProject
Project("{FAE04EC0-301F-11D3-BF4B-00C04F79EFBC}") = "AwesomeCare.Web", "AwesomeCare.Web\AwesomeCare.Web.csproj", "{5A053C6F-FAEF-47F4-9CC2-B5F2F7CFD591}"
EndProject
Project("{FAE04EC0-301F-11D3-BF4B-00C04F79EFBC}") = "AwesomeCare.Model", "AwesomeCare.Model\AwesomeCare.Model.csproj", "{16D5F8A3-7252-4B57-AAFA-722D126418DA}"
EndProject
Global
	GlobalSection(SolutionConfigurationPlatforms) = preSolution
		Debug|Any CPU = Debug|Any CPU
		Release|Any CPU = Release|Any CPU
	EndGlobalSection
	GlobalSection(ProjectConfigurationPlatforms) = postSolution
		{3027F874-B407-4297-9B71-8C1B91F60DD7}.Debug|Any CPU.ActiveCfg = Debug|Any CPU
		{3027F874-B407-4297-9B71-8C1B91F60DD7}.Debug|Any CPU.Build.0 = Debug|Any CPU
		{3027F874-B407-4297-9B71-8C1B91F60DD7}.Release|Any CPU.ActiveCfg = Release|Any CPU
		{3027F874-B407-4297-9B71-8C1B91F60DD7}.Release|Any CPU.Build.0 = Release|Any CPU
		{5A053C6F-FAEF-47F4-9CC2-B5F2F7CFD591}.Debug|Any CPU.ActiveCfg = Debug|Any CPU
		{5A053C6F-FAEF-47F4-9CC2-B5F2F7CFD591}.Debug|Any CPU.Build.0 = Debug|Any CPU
		{5A053C6F-FAEF-47F4-9CC2-B5F2F7CFD591}.Release|Any CPU.ActiveCfg = Release|Any CPU
		{5A053C6F-FAEF-47F4-9CC2-B5F2F7CFD591}.Release|Any CPU.Build.0 = Release|Any CPU
		{16D5F8A3-7252-4B57-AAFA-722D126418DA}.Debug|Any CPU.ActiveCfg = Debug|Any CPU
		{16D5F8A3-7252-4B57-AAFA-722D126418DA}.Debug|Any CPU.Build.0 = Debug|Any CPU
		{16D5F8A3-7252-4B57-AAFA-722D126418DA}.Release|Any CPU.ActiveCfg = Release|Any CPU
		{16D5F8A3-7252-4B57-AAFA-722D126418DA}.Release|Any CPU.Build.0 = Release|Any CPU
	EndGlobalSection
	GlobalSection(SolutionProperties) = preSolution
		HideSolutionNode = FALSE
	EndGlobalSection
	GlobalSection(ExtensibilityGlobals) = postSolution
		SolutionGuid = {69479D3B-DC2C-4676-AD7C-F11776775326}
	EndGlobalSection
EndGlobal
